{
    "name": "backfill-daily-function-executions-v2",
    "lockfileVersion": 3,
    "requires": true,
    "packages": {
        "": {
            "name": "backfill-daily-function-executions-v2",
            "dependencies": {
                "@clickhouse/client": "1.18.2"
            }
        },
        "node_modules/@clickhouse/client": {
            "version": "1.18.2",
            "resolved": "https://registry.npmjs.org/@clickhouse/client/-/client-1.18.2.tgz",
            "integrity": "sha512-fuquQswRSHWM6D079ZeuGqkMOsqtcUPL06UdTnowmoeeYjVrqisfVmvnw8pc3OeKS4kVb91oygb/MfLDiMs0TQ==",
            "license": "Apache-2.0",
            "dependencies": {
                "@clickhouse/client-common": "1.18.2"
            },
            "engines": {
                "node": ">=16"
            }
        },
        "node_modules/@clickhouse/client-common": {
            "version": "1.18.2",
            "resolved": "https://registry.npmjs.org/@clickhouse/client-common/-/client-common-1.18.2.tgz",
            "integrity": "sha512-J0SG6q9V31ydxonglpj9xhNRsUxCsF71iEZ784yldqMYwsHixj/9xHFDgBDX3DuMiDx/kPDfXnf+pimp08wIBA==",
            "deprecated": "Deprecated: import from @clickhouse/client or @clickhouse/client-web instead.",
            "license": "Apache-2.0"
        }
    }
}
